// !$*UTF8*$!
{
	archiveVersion = 1;
	classes = {
	};
	objectVersion = 56;
	objects = {

/* Begin PBXBuildFile section */
		ABF1E3CD2932CC5B00A73AAD /* AppDelegate.swift in Sources */ = {isa = PBXBuildFile; fileRef = ABF1E3CC2932CC5B00A73AAD /* AppDelegate.swift */; };
		ABF1E3CF2932CC5B00A73AAD /* SceneDelegate.swift in Sources */ = {isa = PBXBuildFile; fileRef = ABF1E3CE2932CC5B00A73AAD /* SceneDelegate.swift */; };
		ABF1E3D12932CC5B00A73AAD /* RandomAnimalViewController.swift in Sources */ = {isa = PBXBuildFile; fileRef = ABF1E3D02932CC5B00A73AAD /* RandomAnimalViewController.swift */; };
		ABF1E3D42932CC5B00A73AAD /* Main.storyboard in Resources */ = {isa = PBXBuildFile; fileRef = ABF1E3D22932CC5B00A73AAD /* Main.storyboard */; };
		ABF1E3D62932CC6200A73AAD /* Assets.xcassets in Resources */ = {isa = PBXBuildFile; fileRef = ABF1E3D52932CC6200A73AAD /* Assets.xcassets */; };
		ABF1E3D92932CC6200A73AAD /* LaunchScreen.storyboard in Resources */ = {isa = PBXBuildFile; fileRef = ABF1E3D72932CC6200A73AAD /* LaunchScreen.storyboard */; };
		ABF1E3E12932D7F400A73AAD /* RateViewController.swift in Sources */ = {isa = PBXBuildFile; fileRef = ABF1E3E02932D7F400A73AAD /* RateViewController.swift */; };
/* End PBXBuildFile section */

/* Begin PBXFileReference section */
		ABF1E3C92932CC5B00A73AAD /* RandomAnimalApp.app */ = {isa = PBXFileReference; explicitFileType = wrapper.application; includeInIndex = 0; path = RandomAnimalApp.app; sourceTree = BUILT_PRODUCTS_DIR; };
		ABF1E3CC2932CC5B00A73AAD /* AppDelegate.swift */ = {isa = PBXFileReference; lastKnownFileType = sourcecode.swift; path = AppDelegate.swift; sourceTree = "<group>"; };
		ABF1E3CE2932CC5B00A73AAD /* SceneDelegate.swift */ = {isa = PBXFileReference; lastKnownFileType = sourcecode.swift; path = SceneDelegate.swift; sourceTree = "<group>"; };
		ABF1E3D02932CC5B00A73AAD /* RandomAnimalViewController.swift */ = {isa = PBXFileReference; lastKnownFileType = sourcecode.swift; path = RandomAnimalViewController.swift; sourceTree = "<group>"; };
		ABF1E3D32932CC5B00A73AAD /* Base */ = {isa = PBXFileReference; lastKnownFileType = file.storyboard; name = Base; path = Base.lproj/Main.storyboard; sourceTree = "<group>"; };
		ABF1E3D52932CC6200A73AAD /* Assets.xcassets */ = {isa = PBXFileReference; lastKnownFileType = folder.assetcatalog; path = Assets.xcassets; sourceTree = "<group>"; };
		ABF1E3D82932CC6200A73AAD /* Base */ = {isa = PBXFileReference; lastKnownFileType = file.storyboard; name = Base; path = Base.lproj/LaunchScreen.storyboard; sourceTree = "<group>"; };
		ABF1E3DA2932CC6200A73AAD /* Info.plist */ = {isa = PBXFileReference; lastKnownFileType = text.plist.xml; path = Info.plist; sourceTree = "<group>"; };
		ABF1E3E02932D7F400A73AAD /* RateViewController.swift */ = {isa = PBXFileReference; lastKnownFileType = sourcecode.swift; path = RateViewController.swift; sourceTree = "<group>"; };
/* End PBXFileReference section */

/* Begin PBXFrameworksBuildPhase section */
		ABF1E3C62932CC5B00A73AAD /* Frameworks */ = {
			isa = PBXFrameworksBuildPhase;
			buildActionMask = 2147483647;
			files = (
			);
			runOnlyForDeploymentPostprocessing = 0;
		};
/* End PBXFrameworksBuildPhase section */

/* Begin PBXGroup section */
		ABF1E3C02932CC5B00A73AAD = {
			isa = PBXGroup;
			children = (
				ABF1E3CB2932CC5B00A73AAD /* RandomAnimalApp */,
				ABF1E3CA2932CC5B00A73AAD /* Products */,
			);
			sourceTree = "<group>";
		};
		ABF1E3CA2932CC5B00A73AAD /* Products */ = {
			isa = PBXGroup;
			children = (
				ABF1E3C92932CC5B00A73AAD /* RandomAnimalApp.app */,
			);
			name = Products;
			sourceTree = "<group>";
		};
		ABF1E3CB2932CC5B00A73AAD /* RandomAnimalApp */ = {
			isa = PBXGroup;
			children = (
				ABF1E3CC2932CC5B00A73AAD /* AppDelegate.swift */,
				ABF1E3CE2932CC5B00A73AAD /* SceneDelegate.swift */,
				ABF1E3D02932CC5B00A73AAD /* RandomAnimalViewController.swift */,
				ABF1E3D22932CC5B00A73AAD /* Main.storyboard */,
				ABF1E3D52932CC6200A73AAD /* Assets.xcassets */,
				ABF1E3D72932CC6200A73AAD /* LaunchScreen.storyboard */,
				ABF1E3DA2932CC6200A73AAD /* Info.plist */,
				ABF1E3E02932D7F400A73AAD /* RateViewController.swift */,
			);
			path = RandomAnimalApp;
			sourceTree = "<group>";
		};
/* End PBXGroup section */

/* Begin PBXNativeTarget section */
		ABF1E3C82932CC5B00A73AAD /* RandomAnimalApp */ = {
			isa = PBXNativeTarget;
			buildConfigurationList = ABF1E3DD2932CC6200A73AAD /* Build configuration list for PBXNativeTarget "RandomAnimalApp" */;
			buildPhases = (
				ABF1E3C52932CC5B00A73AAD /* Sources */,
				ABF1E3C62932CC5B00A73AAD /* Frameworks */,
				ABF1E3C72932CC5B00A73AAD /* Resources */,
			);
			buildRules = (
			);
			dependencies = (
			);
			name = RandomAnimalApp;
			productName = RandomAnimalApp;
			productReference = ABF1E3C92932CC5B00A73AAD /* RandomAnimalApp.app */;
			productType = "com.apple.product-type.application";
		};
/* End PBXNativeTarget section */

/* Begin PBXProject section */
		ABF1E3C12932CC5B00A73AAD /* Project object */ = {
			isa = PBXProject;
			attributes = {
				BuildIndependentTargetsInParallel = 1;
				LastSwiftUpdateCheck = 1410;
				LastUpgradeCheck = 1410;
				TargetAttributes = {
					ABF1E3C82932CC5B00A73AAD = {
						CreatedOnToolsVersion = 14.1;
					};
				};
			};
			buildConfigurationList = ABF1E3C42932CC5B00A73AAD /* Build configuration list for PBXProject "RandomAnimalApp" */;
			compatibilityVersion = "Xcode 14.0";
			developmentRegion = en;
			hasScannedForEncodings = 0;
			knownRegions = (
				en,
				Base,
			);
			mainGroup = ABF1E3C02932CC5B00A73AAD;
			productRefGroup = ABF1E3CA2932CC5B00A73AAD /* Products */;
			projectDirPath = "";
			projectRoot = "";
			targets = (
				ABF1E3C82932CC5B00A73AAD /* RandomAnimalApp */,
			);
		};
/* End PBXProject section */

/* Begin PBXResourcesBuildPhase section */
		ABF1E3C72932CC5B00A73AAD /* Resources */ = {
			isa = PBXResourcesBuildPhase;
			buildActionMask = 2147483647;
			files = (
				ABF1E3D92932CC6200A73AAD /* LaunchScreen.storyboard in Resources */,
				ABF1E3D62932CC6200A73AAD /* Assets.xcassets in Resources */,
				ABF1E3D42932CC5B00A73AAD /* Main.storyboard in Resources */,
			);
			runOnlyForDeploymentPostprocessing = 0;
		};
/* End PBXResourcesBuildPhase section */

/* Begin PBXSourcesBuildPhase section */
		ABF1E3C52932CC5B00A73AAD /* Sources */ = {
			isa = PBXSourcesBuildPhase;
			buildActionMask = 2147483647;
			files = (
				ABF1E3D12932CC5B00A73AAD /* RandomAnimalViewController.swift in Sources */,
				ABF1E3E12932D7F400A73AAD /* RateViewController.swift in Sources */,
				ABF1E3CD2932CC5B00A73AAD /* AppDelegate.swift in Sources */,
				ABF1E3CF2932CC5B00A73AAD /* SceneDelegate.swift in Sources */,
			);
			runOnlyForDeploymentPostprocessing = 0;
		};
/* End PBXSourcesBuildPhase section */

/* Begin PBXVariantGroup section */
		ABF1E3D22932CC5B00A73AAD /* Main.storyboard */ = {
			isa = PBXVariantGroup;
			children = (
				ABF1E3D32932CC5B00A73AAD /* Base */,
			);
			name = Main.storyboard;
			sourceTree = "<group>";
		};
		ABF1E3D72932CC6200A73AAD /* LaunchScreen.storyboard */ = {
			isa = PBXVariantGroup;
			children = (
				ABF1E3D82932CC6200A73AAD /* Base */,
			);
			name = LaunchScreen.storyboard;
			sourceTree = "<group>";
		};
/* End PBXVariantGroup section */

/* Begin XCBuildConfiguration section */
		ABF1E3DB2932CC6200A73AAD /* Debug */ = {
			isa = XCBuildConfiguration;
			buildSettings = {
				ALWAYS_SEARCH_USER_PATHS = NO;
				CLANG_ANALYZER_NONNULL = YES;
				CLANG_ANALYZER_NUMBER_OBJECT_CONVERSION = YES_AGGRESSIVE;
				CLANG_CXX_LANGUAGE_STANDARD = "gnu++20";
				CLANG_ENABLE_MODULES = YES;
				CLANG_ENABLE_OBJC_ARC = YES;
				CLANG_ENABLE_OBJC_WEAK = YES;
				CLANG_WARN_BLOCK_CAPTURE_AUTORELEASING = YES;
				CLANG_WARN_BOOL_CONVERSION = YES;
				CLANG_WARN_COMMA = YES;
				CLANG_WARN_CONSTANT_CONVERSION = YES;
				CLANG_WARN_DEPRECATED_OBJC_IMPLEMENTATIONS = YES;
				CLANG_WARN_DIRECT_OBJC_ISA_USAGE = YES_ERROR;
				CLANG_WARN_DOCUMENTATION_COMMENTS = YES;
				CLANG_WARN_EMPTY_BODY = YES;
				CLANG_WARN_ENUM_CONVERSION = YES;
				CLANG_WARN_INFINITE_RECURSION = YES;
				CLANG_WARN_INT_CONVERSION = YES;
				CLANG_WARN_NON_LITERAL_NULL_CONVERSION = YES;
				CLANG_WARN_OBJC_IMPLICIT_RETAIN_SELF = YES;
				CLANG_WARN_OBJC_LITERAL_CONVERSION = YES;
				CLANG_WARN_OBJC_ROOT_CLASS = YES_ERROR;
				CLANG_WARN_QUOTED_INCLUDE_IN_FRAMEWORK_HEADER = YES;
				CLANG_WARN_RANGE_LOOP_ANALYSIS = YES;
				CLANG_WARN_STRICT_PROTOTYPES = YES;
				CLANG_WARN_SUSPICIOUS_MOVE = YES;
				CLANG_WARN_UNGUARDED_AVAILABILITY = YES_AGGRESSIVE;
				CLANG_WARN_UNREACHABLE_CODE = YES;
				CLANG_WARN__DUPLICATE_METHOD_MATCH = YES;
				COPY_PHASE_STRIP = NO;
				DEBUG_INFORMATION_FORMAT = dwarf;
				ENABLE_STRICT_OBJC_MSGSEND = YES;
				ENABLE_TESTABILITY = YES;
				GCC_C_LANGUAGE_STANDARD = gnu11;
				GCC_DYNAMIC_NO_PIC = NO;
				GCC_NO_COMMON_BLOCKS = YES;
				GCC_OPTIMIZATION_LEVEL = 0;
				GCC_PREPROCESSOR_DEFINITIONS = (
					"DEBUG=1",
					"$(inherited)",
				);
				GCC_WARN_64_TO_32_BIT_CONVERSION = YES;
				GCC_WARN_ABOUT_RETURN_TYPE = YES_ERROR;
				GCC_WARN_UNDECLARED_SELECTOR = YES;
				GCC_WARN_UNINITIALIZED_AUTOS = YES_AGGRESSIVE;
				GCC_WARN_UNUSED_FUNCTION = YES;
				GCC_WARN_UNUSED_VARIABLE = YES;
				IPHONEOS_DEPLOYMENT_TARGET = 16.1;
				MTL_ENABLE_DEBUG_INFO = INCLUDE_SOURCE;
				MTL_FAST_MATH = YES;
				ONLY_ACTIVE_ARCH = YES;
				SDKROOT = iphoneos;
				SWIFT_ACTIVE_COMPILATION_CONDITIONS = DEBUG;
				SWIFT_OPTIMIZATION_LEVEL = "-Onone";
			};
			name = Debug;
		};
		ABF1E3DC2932CC6200A73AAD /* Release */ = {
			isa = XCBuildConfiguration;
			buildSettings = {
				ALWAYS_SEARCH_USER_PATHS = NO;
				CLANG_ANALYZER_NONNULL = YES;
				CLANG_ANALYZER_NUMBER_OBJECT_CONVERSION = YES_AGGRESSIVE;
				CLANG_CXX_LANGUAGE_STANDARD = "gnu++20";
				CLANG_ENABLE_MODULES = YES;
				CLANG_ENABLE_OBJC_ARC = YES;
				CLANG_ENABLE_OBJC_WEAK = YES;
				CLANG_WARN_BLOCK_CAPTURE_AUTORELEASING = YES;
				CLANG_WARN_BOOL_CONVERSION = YES;
				CLANG_WARN_COMMA = YES;
				CLANG_WARN_CONSTANT_CONVERSION = YES;
				CLANG_WARN_DEPRECATED_OBJC_IMPLEMENTATIONS = YES;
				CLANG_WARN_DIRECT_OBJC_ISA_USAGE = YES_ERROR;
				CLANG_WARN_DOCUMENTATION_COMMENTS = YES;
				CLANG_WARN_EMPTY_BODY = YES;
				CLANG_WARN_ENUM_CONVERSION = YES;
				CLANG_WARN_INFINITE_RECURSION = YES;
				CLANG_WARN_INT_CONVERSION = YES;
				CLANG_WARN_NON_LITERAL_NULL_CONVERSION = YES;
				CLANG_WARN_OBJC_IMPLICIT_RETAIN_SELF = YES;
				CLANG_WARN_OBJC_LITERAL_CONVERSION = YES;
				CLANG_WARN_OBJC_ROOT_CLASS = YES_ERROR;
				CLANG_WARN_QUOTED_INCLUDE_IN_FRAMEWORK_HEADER = YES;
				CLANG_WARN_RANGE_LOOP_ANALYSIS = YES;
				CLANG_WARN_STRICT_PROTOTYPES = YES;
				CLANG_WARN_SUSPICIOUS_MOVE = YES;
				CLANG_WARN_UNGUARDED_AVAILABILITY = YES_AGGRESSIVE;
				CLANG_WARN_UNREACHABLE_CODE = YES;
				CLANG_WARN__DUPLICATE_METHOD_MATCH = YES;
				COPY_PHASE_STRIP = NO;
				DEBUG_INFORMATION_FORMAT = "dwarf-with-dsym";
				ENABLE_NS_ASSERTIONS = NO;
				ENABLE_STRICT_OBJC_MSGSEND = YES;
				GCC_C_LANGUAGE_STANDARD = gnu11;
				GCC_NO_COMMON_BLOCKS = YES;
				GCC_WARN_64_TO_32_BIT_CONVERSION = YES;
				GCC_WARN_ABOUT_RETURN_TYPE = YES_ERROR;
				GCC_WARN_UNDECLARED_SELECTOR = YES;
				GCC_WARN_UNINITIALIZED_AUTOS = YES_AGGRESSIVE;
				GCC_WARN_UNUSED_FUNCTION = YES;
				GCC_WARN_UNUSED_VARIABLE = YES;
				IPHONEOS_DEPLOYMENT_TARGET = 16.1;
				MTL_ENABLE_DEBUG_INFO = NO;
				MTL_FAST_MATH = YES;
				SDKROOT = iphoneos;
				SWIFT_COMPILATION_MODE = wholemodule;
				SWIFT_OPTIMIZATION_LEVEL = "-O";
				VALIDATE_PRODUCT = YES;
			};
			name = Release;
		};
		ABF1E3DE2932CC6200A73AAD /* Debug */ = {
			isa = XCBuildConfiguration;
			buildSettings = {
				ASSETCATALOG_COMPILER_APPICON_NAME = AppIcon;
				ASSETCATALOG_COMPILER_GLOBAL_ACCENT_COLOR_NAME = AccentColor;
				CODE_SIGN_STYLE = Automatic;
				CURRENT_PROJECT_VERSION = 1;
				DEVELOPMENT_TEAM = M9YYPNK9QF;
				GENERATE_INFOPLIST_FILE = YES;
				INFOPLIST_FILE = RandomAnimalApp/Info.plist;
				INFOPLIST_KEY_UIApplicationSupportsIndirectInputEvents = YES;
				INFOPLIST_KEY_UILaunchStoryboardName = LaunchScreen;
				INFOPLIST_KEY_UIMainStoryboardFile = Main;
				INFOPLIST_KEY_UISupportedInterfaceOrientations_iPad = "UIInterfaceOrientationPortrait UIInterfaceOrientationPortraitUpsideDown UIInterfaceOrientationLandscapeLeft UIInterfaceOrientationLandscapeRight";
				INFOPLIST_KEY_UISupportedInterfaceOrientations_iPhone = "UIInterfaceOrientationPortrait UIInterfaceOrientationLandscapeLeft UIInterfaceOrientationLandscapeRight";
				LD_RUNPATH_SEARCH_PATHS = (
					"$(inherited)",
					"@executable_path/Frameworks",
				);
				MARKETING_VERSION = 1.0;
				PRODUCT_BUNDLE_IDENTIFIER = calle.teodoro.RandomAnimalApp;
				PRODUCT_NAME = "$(TARGET_NAME)";
				SWIFT_EMIT_LOC_STRINGS = YES;
				SWIFT_VERSION = 5.0;
				TARGETED_DEVICE_FAMILY = "1,2";
			};
			name = Debug;
		};
		ABF1E3DF2932CC6200A73AAD /* Release */ = {
			isa = XCBuildConfiguration;
			buildSettings = {
				ASSETCATALOG_COMPILER_APPICON_NAME = AppIcon;
				ASSETCATALOG_COMPILER_GLOBAL_ACCENT_COLOR_NAME = AccentColor;
				CODE_SIGN_STYLE = Automatic;
				CURRENT_PROJECT_VERSION = 1;
				DEVELOPMENT_TEAM = M9YYPNK9QF;
				GENERATE_INFOPLIST_FILE = YES;
				INFOPLIST_FILE = RandomAnimalApp/Info.plist;
				INFOPLIST_KEY_UIApplicationSupportsIndirectInputEvents = YES;
				INFOPLIST_KEY_UILaunchStoryboardName = LaunchScreen;
				INFOPLIST_KEY_UIMainStoryboardFile = Main;
				INFOPLIST_KEY_UISupportedInterfaceOrientations_iPad = "UIInterfaceOrientationPortrait UIInterfaceOrientationPortraitUpsideDown UIInterfaceOrientationLandscapeLeft UIInterfaceOrientationLandscapeRight";
				INFOPLIST_KEY_UISupportedInterfaceOrientations_iPhone = "UIInterfaceOrientationPortrait UIInterfaceOrientationLandscapeLeft UIInterfaceOrientationLandscapeRight";
				LD_RUNPATH_SEARCH_PATHS = (
					"$(inherited)",
					"@executable_path/Frameworks",
				);
				MARKETING_VERSION = 1.0;
				PRODUCT_BUNDLE_IDENTIFIER = calle.teodoro.RandomAnimalApp;
				PRODUCT_NAME = "$(TARGET_NAME)";
				SWIFT_EMIT_LOC_STRINGS = YES;
				SWIFT_VERSION = 5.0;
				TARGETED_DEVICE_FAMILY = "1,2";
			};
			name = Release;
		};
/* End XCBuildConfiguration section */

/* Begin XCConfigurationList section */
		ABF1E3C42932CC5B00A73AAD /* Build configuration list for PBXProject "RandomAnimalApp" */ = {
			isa = XCConfigurationList;
			buildConfigurations = (
				ABF1E3DB2932CC6200A73AAD /* Debug */,
				ABF1E3DC2932CC6200A73AAD /* Release */,
			);
			defaultConfigurationIsVisible = 0;
			defaultConfigurationName = Release;
		};
		ABF1E3DD2932CC6200A73AAD /* Build configuration list for PBXNativeTarget "RandomAnimalApp" */ = {
			isa = XCConfigurationList;
			buildConfigurations = (
				ABF1E3DE2932CC6200A73AAD /* Debug */,
				ABF1E3DF2932CC6200A73AAD /* Release */,
			);
			defaultConfigurationIsVisible = 0;
			defaultConfigurationName = Release;
		};
/* End XCConfigurationList section */
	};
	rootObject = ABF1E3C12932CC5B00A73AAD /* Project object */;
}
